{
  "name": "pinecone_upload",
  "version": "1.1.0",
  "lockfileVersion": 3,
  "requires": true,
  "packages": {
    "": {
      "name": "pinecone_upload",
      "version": "1.1.0",
      "license": "ISC",
      "dependencies": {
        "@pinecone-database/pinecone": "^6.1.2",
        "child_process": "^1.0.2",
        "dotenv": "^17.2.2",
        "openai": "^5.22.0"
      }
    },
    "node_modules/@pinecone-database/pinecone": {
      "version": "6.1.2",
      "resolved": "https://registry.npmjs.org/@pinecone-database/pinecone/-/pinecone-6.1.2.tgz",
      "integrity": "sha512-ydIlbtgIIHFgBL08sPzua5ckmOgtjgDz8xg21CnP1fqnnEgDmOlnfd10MRKU+fvFRhDlh4Md37SwZDr0d4cBqg==",
      "engines": {
        "node": ">=18.0.0"
      }
    },
    "node_modules/child_process": {
      "version": "1.0.2",
      "resolved": "https://registry.npmjs.org/child_process/-/child_process-1.0.2.tgz",
      "integrity": "sha512-Wmza/JzL0SiWz7kl6MhIKT5ceIlnFPJX+lwUGj7Clhy5MMldsSoJR0+uvRzOS5Kv45Mq7t1PoE8TsOA9bzvb6g==",
      "license": "ISC"
    },
    "node_modules/dotenv": {
      "version": "17.2.2",
      "resolved": "https://registry.npmjs.org/dotenv/-/dotenv-17.2.2.tgz",
      "integrity": "sha512-Sf2LSQP+bOlhKWWyhFsn0UsfdK/kCWRv1iuA2gXAwt3dyNabr6QSj00I2V10pidqz69soatm9ZwZvpQMTIOd5Q==",
      "engines": {
        "node": ">=12"
      },
      "funding": {
        "url": "https://dotenvx.com"
      }
    },
    "node_modules/openai": {
      "version": "5.22.0",
      "resolved": "https://registry.npmjs.org/openai/-/openai-5.22.0.tgz",
      "integrity": "sha512-uSsYZ+vw9JxUwnMTcT9bj5sGM5qY/4du2BIf1KSqDRZF9nhSlJYsBLPRwBZTOW+HNyjwGviR0SsoDPv5lpPrBw==",
      "bin": {
        "openai": "bin/cli"
      },
      "peerDependencies": {
        "ws": "^8.18.0",
        "zod": "^3.23.8"
      },
      "peerDependenciesMeta": {
        "ws": {
          "optional": true
        },
        "zod": {
          "optional": true
        }
      }
    }
  }
}
